
Microsoft Visual Studio Solution File, Format Version 12.00
# Visual Studio 15
VisualStudioVersion = 15.0.28307.572
MinimumVisualStudioVersion = 10.0.40219.1
Project("{FAE04EC0-301F-11D3-BF4B-00C04F79EFBC}") = "PlaceMyBet_Desktop", "PlaceMyBet_Desktop\PlaceMyBet_Desktop.csproj", "{50086886-4018-4587-9DA0-7B06E0BFD0D8}"
EndProject
Global
	GlobalSection(SolutionConfigurationPlatforms) = preSolution
		Debug|Any CPU = Debug|Any CPU
		Release|Any CPU = Release|Any CPU
	EndGlobalSection
	GlobalSection(ProjectConfigurationPlatforms) = postSolution
		{50086886-4018-4587-9DA0-7B06E0BFD0D8}.Debug|Any CPU.ActiveCfg = Debug|Any CPU
		{50086886-4018-4587-9DA0-7B06E0BFD0D8}.Debug|Any CPU.Build.0 = Debug|Any CPU
		{50086886-4018-4587-9DA0-7B06E0BFD0D8}.Release|Any CPU.ActiveCfg = Release|Any CPU
		{50086886-4018-4587-9DA0-7B06E0BFD0D8}.Release|Any CPU.Build.0 = Release|Any CPU
	EndGlobalSection
	GlobalSection(SolutionProperties) = preSolution
		HideSolutionNode = FALSE
	EndGlobalSection
	GlobalSection(ExtensibilityGlobals) = postSolution
		SolutionGuid = {E6929ECD-896D-4674-828E-F3BA4A161536}
	EndGlobalSection
EndGlobal
